
Microsoft Visual Studio Solution File, Format Version 12.00
# Visual Studio Version 17
VisualStudioVersion = 17.9.34616.47
MinimumVisualStudioVersion = 10.0.40219.1
Project("{8BC9CEB8-8B4A-11D0-8D11-00A0C91BC942}") = "FlappyBirdVer2024", "FlappyBirdVer2024.vcxproj", "{11BE807F-0957-4E2E-8571-3BE8AE3181A3}"
EndProject
Global
	GlobalSection(SolutionConfigurationPlatforms) = preSolution
		Debug|x64 = Debug|x64
		Debug|x86 = Debug|x86
		Release|x64 = Release|x64
		Release|x86 = Release|x86
	EndGlobalSection
	GlobalSection(ProjectConfigurationPlatforms) = postSolution
		{11BE807F-0957-4E2E-8571-3BE8AE3181A3}.Debug|x64.ActiveCfg = Debug|x64
		{11BE807F-0957-4E2E-8571-3BE8AE3181A3}.Debug|x64.Build.0 = Debug|x64
		{11BE807F-0957-4E2E-8571-3BE8AE3181A3}.Debug|x86.ActiveCfg = Debug|Win32
		{11BE807F-0957-4E2E-8571-3BE8AE3181A3}.Debug|x86.Build.0 = Debug|Win32
		{11BE807F-0957-4E2E-8571-3BE8AE3181A3}.Release|x64.ActiveCfg = Release|x64
		{11BE807F-0957-4E2E-8571-3BE8AE3181A3}.Release|x64.Build.0 = Release|x64
		{11BE807F-0957-4E2E-8571-3BE8AE3181A3}.Release|x86.ActiveCfg = Release|Win32
		{11BE807F-0957-4E2E-8571-3BE8AE3181A3}.Release|x86.Build.0 = Release|Win32
	EndGlobalSection
	GlobalSection(SolutionProperties) = preSolution
		HideSolutionNode = FALSE
	EndGlobalSection
	GlobalSection(ExtensibilityGlobals) = postSolution
		SolutionGuid = {043E7217-4D08-40A4-AE39-2EF4823454A4}
	EndGlobalSection
EndGlobal
